// !$*UTF8*$!
{
	archiveVersion = 1;
	classes = {
	};
	objectVersion = 63;
	objects = {

/* Begin PBXBuildFile section */
		126A2F2DF65174ED75DC9F02 /* Pods_daisoworks_iOS_SwiftUITests.framework in Frameworks */ = {isa = PBXBuildFile; fileRef = C098E62D349209629115FECC /* Pods_daisoworks_iOS_SwiftUITests.framework */; };
		4B076D402CFA358600B7DA58 /* .gitignore in Resources */ = {isa = PBXBuildFile; fileRef = 4B076D3F2CFA358600B7DA58 /* .gitignore */; };
		4B4EA3BB2CC1A96D001392E9 /* second.swift in Sources */ = {isa = PBXBuildFile; fileRef = 4B4EA3BA2CC1A96A001392E9 /* second.swift */; };
		4B4EA3BD2CC30593001392E9 /* CardModifier.swift in Sources */ = {isa = PBXBuildFile; fileRef = 4B4EA3BC2CC30585001392E9 /* CardModifier.swift */; };
		4B833CA22CE59D2B000267FB /* SettingView.swift in Sources */ = {isa = PBXBuildFile; fileRef = 4B833CA12CE59D17000267FB /* SettingView.swift */; };
		4B85C65F2CC743410045A338 /* DmsDetailView.swift in Sources */ = {isa = PBXBuildFile; fileRef = 4B85C65E2CC7433A0045A338 /* DmsDetailView.swift */; };
		4B90F0DC2CC0AF32007F3D8A /* ScannerView.swift in Sources */ = {isa = PBXBuildFile; fileRef = 4B90F0DB2CC0AF2D007F3D8A /* ScannerView.swift */; };
		4B90F0DE2CC0AFA3007F3D8A /* Coordinator.swift in Sources */ = {isa = PBXBuildFile; fileRef = 4B90F0DD2CC0AFA1007F3D8A /* Coordinator.swift */; };
		4BB6CBC42CB9839A008569A4 /* ThumbnailView.swift in Sources */ = {isa = PBXBuildFile; fileRef = 4BB6CBC32CB98396008569A4 /* ThumbnailView.swift */; };
		4BB6CBC62CB983C0008569A4 /* ExpandedView.swift in Sources */ = {isa = PBXBuildFile; fileRef = 4BB6CBC52CB983BD008569A4 /* ExpandedView.swift */; };
		4BB6CBC82CB98A28008569A4 /* ExpandableView.swift in Sources */ = {isa = PBXBuildFile; fileRef = 4BB6CBC72CB98A25008569A4 /* ExpandableView.swift */; };
		4BB6CBD72CC02A15008569A4 /* SujuView.swift in Sources */ = {isa = PBXBuildFile; fileRef = 4BB6CBD62CC02A11008569A4 /* SujuView.swift */; };
		4BD6C0512CB47C4C000E8152 /* ContentView.swift in Sources */ = {isa = PBXBuildFile; fileRef = 4BD6C04E2CB47C4C000E8152 /* ContentView.swift */; };
		4BD6C0522CB47C4C000E8152 /* daisoworks_iOS_SwiftUIApp.swift in Sources */ = {isa = PBXBuildFile; fileRef = 4BD6C04F2CB47C4C000E8152 /* daisoworks_iOS_SwiftUIApp.swift */; };
		4BD6C0532CB47C4C000E8152 /* Preview Assets.xcassets in Resources */ = {isa = PBXBuildFile; fileRef = 4BD6C04B2CB47C4C000E8152 /* Preview Assets.xcassets */; };
		4BD6C0542CB47C4C000E8152 /* Assets.xcassets in Resources */ = {isa = PBXBuildFile; fileRef = 4BD6C04D2CB47C4C000E8152 /* Assets.xcassets */; };
		4BD6C0562CB47ECE000E8152 /* LoginView.swift in Sources */ = {isa = PBXBuildFile; fileRef = 4BD6C0552CB47EC8000E8152 /* LoginView.swift */; };
		4BD6C0582CB487AF000E8152 /* LoginView1.swift in Sources */ = {isa = PBXBuildFile; fileRef = 4BD6C0572CB487A5000E8152 /* LoginView1.swift */; };
		4BD6C07F2CB48C0F000E8152 /* MainTabbedView.swift in Sources */ = {isa = PBXBuildFile; fileRef = 4BD6C07E2CB48C0D000E8152 /* MainTabbedView.swift */; };
		4BD6C0812CB48E07000E8152 /* SideMenu.swift in Sources */ = {isa = PBXBuildFile; fileRef = 4BD6C0802CB48E01000E8152 /* SideMenu.swift */; };
		4BD6C0832CB48E2E000E8152 /* SideMenuView.swift in Sources */ = {isa = PBXBuildFile; fileRef = 4BD6C0822CB48E27000E8152 /* SideMenuView.swift */; };
		4BD6C0852CB48F14000E8152 /* HomeView.swift in Sources */ = {isa = PBXBuildFile; fileRef = 4BD6C0842CB48F0D000E8152 /* HomeView.swift */; };
		4BD6C0872CB48F1F000E8152 /* DmsView.swift in Sources */ = {isa = PBXBuildFile; fileRef = 4BD6C0862CB48F19000E8152 /* DmsView.swift */; };
		4BD6C0892CB48F29000E8152 /* ProductView.swift in Sources */ = {isa = PBXBuildFile; fileRef = 4BD6C0882CB48F23000E8152 /* ProductView.swift */; };
		4BD6C08B2CB48F34000E8152 /* CompanyView.swift in Sources */ = {isa = PBXBuildFile; fileRef = 4BD6C08A2CB48F2F000E8152 /* CompanyView.swift */; };
		4BD6C08D2CB49025000E8152 /* first.swift in Sources */ = {isa = PBXBuildFile; fileRef = 4BD6C08C2CB49021000E8152 /* first.swift */; };
		7AB4740961C3DE8F192BA69C /* Pods_daisoworks_iOS_SwiftUI_daisoworks_iOS_SwiftUIUITests.framework in Frameworks */ = {isa = PBXBuildFile; fileRef = 757854E72E3CDEE54E30E41C /* Pods_daisoworks_iOS_SwiftUI_daisoworks_iOS_SwiftUIUITests.framework */; };
		F2B20ABE7B4B584DA519F819 /* Pods_daisoworks_iOS_SwiftUI.framework in Frameworks */ = {isa = PBXBuildFile; fileRef = BB7FD297B293191D2F67960D /* Pods_daisoworks_iOS_SwiftUI.framework */; };
/* End PBXBuildFile section */

/* Begin PBXContainerItemProxy section */
		4BD6C02F2CB47C29000E8152 /* PBXContainerItemProxy */ = {
			isa = PBXContainerItemProxy;
			containerPortal = 4BD6C0162CB47C27000E8152 /* Project object */;
			proxyType = 1;
			remoteGlobalIDString = 4BD6C01D2CB47C27000E8152;
			remoteInfo = daisoworks_iOS_SwiftUI;
		};
		4BD6C0392CB47C29000E8152 /* PBXContainerItemProxy */ = {
			isa = PBXContainerItemProxy;
			containerPortal = 4BD6C0162CB47C27000E8152 /* Project object */;
			proxyType = 1;
			remoteGlobalIDString = 4BD6C01D2CB47C27000E8152;
			remoteInfo = daisoworks_iOS_SwiftUI;
		};
/* End PBXContainerItemProxy section */

/* Begin PBXFileReference section */
		1ED78E98581776B447A911F7 /* Pods-daisoworks_iOS_SwiftUI-daisoworks_iOS_SwiftUIUITests.release.xcconfig */ = {isa = PBXFileReference; includeInIndex = 1; lastKnownFileType = text.xcconfig; name = "Pods-daisoworks_iOS_SwiftUI-daisoworks_iOS_SwiftUIUITests.release.xcconfig"; path = "Target Support Files/Pods-daisoworks_iOS_SwiftUI-daisoworks_iOS_SwiftUIUITests/Pods-daisoworks_iOS_SwiftUI-daisoworks_iOS_SwiftUIUITests.release.xcconfig"; sourceTree = "<group>"; };
		3B7711EAF25FC828B69C00D3 /* Pods-daisoworks_iOS_SwiftUI.release.xcconfig */ = {isa = PBXFileReference; includeInIndex = 1; lastKnownFileType = text.xcconfig; name = "Pods-daisoworks_iOS_SwiftUI.release.xcconfig"; path = "Target Support Files/Pods-daisoworks_iOS_SwiftUI/Pods-daisoworks_iOS_SwiftUI.release.xcconfig"; sourceTree = "<group>"; };
		4B076D3F2CFA358600B7DA58 /* .gitignore */ = {isa = PBXFileReference; lastKnownFileType = text; path = .gitignore; sourceTree = "<group>"; };
		4B4EA3BA2CC1A96A001392E9 /* second.swift */ = {isa = PBXFileReference; lastKnownFileType = sourcecode.swift; path = second.swift; sourceTree = "<group>"; };
		4B4EA3BC2CC30585001392E9 /* CardModifier.swift */ = {isa = PBXFileReference; lastKnownFileType = sourcecode.swift; path = CardModifier.swift; sourceTree = "<group>"; };
		4B833CA12CE59D17000267FB /* SettingView.swift */ = {isa = PBXFileReference; lastKnownFileType = sourcecode.swift; path = SettingView.swift; sourceTree = "<group>"; };
		4B85C65E2CC7433A0045A338 /* DmsDetailView.swift */ = {isa = PBXFileReference; lastKnownFileType = sourcecode.swift; path = DmsDetailView.swift; sourceTree = "<group>"; };
		4B90F0DB2CC0AF2D007F3D8A /* ScannerView.swift */ = {isa = PBXFileReference; lastKnownFileType = sourcecode.swift; path = ScannerView.swift; sourceTree = "<group>"; };
		4B90F0DD2CC0AFA1007F3D8A /* Coordinator.swift */ = {isa = PBXFileReference; lastKnownFileType = sourcecode.swift; path = Coordinator.swift; sourceTree = "<group>"; };
		4BB6CBC32CB98396008569A4 /* ThumbnailView.swift */ = {isa = PBXFileReference; lastKnownFileType = sourcecode.swift; path = ThumbnailView.swift; sourceTree = "<group>"; };
		4BB6CBC52CB983BD008569A4 /* ExpandedView.swift */ = {isa = PBXFileReference; lastKnownFileType = sourcecode.swift; path = ExpandedView.swift; sourceTree = "<group>"; };
		4BB6CBC72CB98A25008569A4 /* ExpandableView.swift */ = {isa = PBXFileReference; lastKnownFileType = sourcecode.swift; path = ExpandableView.swift; sourceTree = "<group>"; };
		4BB6CBD62CC02A11008569A4 /* SujuView.swift */ = {isa = PBXFileReference; lastKnownFileType = sourcecode.swift; path = SujuView.swift; sourceTree = "<group>"; };
		4BD6C01E2CB47C27000E8152 /* daisoworks_iOS_SwiftUI.app */ = {isa = PBXFileReference; explicitFileType = wrapper.application; includeInIndex = 0; path = daisoworks_iOS_SwiftUI.app; sourceTree = BUILT_PRODUCTS_DIR; };
		4BD6C02E2CB47C29000E8152 /* daisoworks_iOS_SwiftUITests.xctest */ = {isa = PBXFileReference; explicitFileType = wrapper.cfbundle; includeInIndex = 0; path = daisoworks_iOS_SwiftUITests.xctest; sourceTree = BUILT_PRODUCTS_DIR; };
		4BD6C0382CB47C29000E8152 /* daisoworks_iOS_SwiftUIUITests.xctest */ = {isa = PBXFileReference; explicitFileType = wrapper.cfbundle; includeInIndex = 0; path = daisoworks_iOS_SwiftUIUITests.xctest; sourceTree = BUILT_PRODUCTS_DIR; };
		4BD6C04B2CB47C4C000E8152 /* Preview Assets.xcassets */ = {isa = PBXFileReference; lastKnownFileType = folder.assetcatalog; path = "Preview Assets.xcassets"; sourceTree = "<group>"; };
		4BD6C04D2CB47C4C000E8152 /* Assets.xcassets */ = {isa = PBXFileReference; lastKnownFileType = folder.assetcatalog; path = Assets.xcassets; sourceTree = "<group>"; };
		4BD6C04E2CB47C4C000E8152 /* ContentView.swift */ = {isa = PBXFileReference; lastKnownFileType = sourcecode.swift; path = ContentView.swift; sourceTree = "<group>"; };
		4BD6C04F2CB47C4C000E8152 /* daisoworks_iOS_SwiftUIApp.swift */ = {isa = PBXFileReference; lastKnownFileType = sourcecode.swift; path = daisoworks_iOS_SwiftUIApp.swift; sourceTree = "<group>"; };
		4BD6C0552CB47EC8000E8152 /* LoginView.swift */ = {isa = PBXFileReference; lastKnownFileType = sourcecode.swift; path = LoginView.swift; sourceTree = "<group>"; };
		4BD6C0572CB487A5000E8152 /* LoginView1.swift */ = {isa = PBXFileReference; lastKnownFileType = sourcecode.swift; path = LoginView1.swift; sourceTree = "<group>"; };
		4BD6C07E2CB48C0D000E8152 /* MainTabbedView.swift */ = {isa = PBXFileReference; lastKnownFileType = sourcecode.swift; path = MainTabbedView.swift; sourceTree = "<group>"; };
		4BD6C0802CB48E01000E8152 /* SideMenu.swift */ = {isa = PBXFileReference; lastKnownFileType = sourcecode.swift; path = SideMenu.swift; sourceTree = "<group>"; };
		4BD6C0822CB48E27000E8152 /* SideMenuView.swift */ = {isa = PBXFileReference; lastKnownFileType = sourcecode.swift; path = SideMenuView.swift; sourceTree = "<group>"; };
		4BD6C0842CB48F0D000E8152 /* HomeView.swift */ = {isa = PBXFileReference; lastKnownFileType = sourcecode.swift; path = HomeView.swift; sourceTree = "<group>"; };
		4BD6C0862CB48F19000E8152 /* DmsView.swift */ = {isa = PBXFileReference; lastKnownFileType = sourcecode.swift; path = DmsView.swift; sourceTree = "<group>"; };
		4BD6C0882CB48F23000E8152 /* ProductView.swift */ = {isa = PBXFileReference; lastKnownFileType = sourcecode.swift; path = ProductView.swift; sourceTree = "<group>"; };
		4BD6C08A2CB48F2F000E8152 /* CompanyView.swift */ = {isa = PBXFileReference; lastKnownFileType = sourcecode.swift; path = CompanyView.swift; sourceTree = "<group>"; };
		4BD6C08C2CB49021000E8152 /* first.swift */ = {isa = PBXFileReference; lastKnownFileType = sourcecode.swift; path = first.swift; sourceTree = "<group>"; };
		4BD6C08E2CB607B5000E8152 /* daisoworks-iOS-SwiftUI-Info.plist */ = {isa = PBXFileReference; lastKnownFileType = text.plist.xml; path = "daisoworks-iOS-SwiftUI-Info.plist"; sourceTree = SOURCE_ROOT; };
		757854E72E3CDEE54E30E41C /* Pods_daisoworks_iOS_SwiftUI_daisoworks_iOS_SwiftUIUITests.framework */ = {isa = PBXFileReference; explicitFileType = wrapper.framework; includeInIndex = 0; path = Pods_daisoworks_iOS_SwiftUI_daisoworks_iOS_SwiftUIUITests.framework; sourceTree = BUILT_PRODUCTS_DIR; };
		76CDEB7960DD59EEF0699F0E /* Pods-daisoworks_iOS_SwiftUITests.debug.xcconfig */ = {isa = PBXFileReference; includeInIndex = 1; lastKnownFileType = text.xcconfig; name = "Pods-daisoworks_iOS_SwiftUITests.debug.xcconfig"; path = "Target Support Files/Pods-daisoworks_iOS_SwiftUITests/Pods-daisoworks_iOS_SwiftUITests.debug.xcconfig"; sourceTree = "<group>"; };
		8B5C80AA27F305DC6C501D2F /* Pods-daisoworks_iOS_SwiftUI.debug.xcconfig */ = {isa = PBXFileReference; includeInIndex = 1; lastKnownFileType = text.xcconfig; name = "Pods-daisoworks_iOS_SwiftUI.debug.xcconfig"; path = "Target Support Files/Pods-daisoworks_iOS_SwiftUI/Pods-daisoworks_iOS_SwiftUI.debug.xcconfig"; sourceTree = "<group>"; };
		B184CD4A3DA93D59083421B5 /* Pods-daisoworks_iOS_SwiftUITests.release.xcconfig */ = {isa = PBXFileReference; includeInIndex = 1; lastKnownFileType = text.xcconfig; name = "Pods-daisoworks_iOS_SwiftUITests.release.xcconfig"; path = "Target Support Files/Pods-daisoworks_iOS_SwiftUITests/Pods-daisoworks_iOS_SwiftUITests.release.xcconfig"; sourceTree = "<group>"; };
		BB7FD297B293191D2F67960D /* Pods_daisoworks_iOS_SwiftUI.framework */ = {isa = PBXFileReference; explicitFileType = wrapper.framework; includeInIndex = 0; path = Pods_daisoworks_iOS_SwiftUI.framework; sourceTree = BUILT_PRODUCTS_DIR; };
		C098E62D349209629115FECC /* Pods_daisoworks_iOS_SwiftUITests.framework */ = {isa = PBXFileReference; explicitFileType = wrapper.framework; includeInIndex = 0; path = Pods_daisoworks_iOS_SwiftUITests.framework; sourceTree = BUILT_PRODUCTS_DIR; };
		EC61298AC23EE19005031148 /* Pods-daisoworks_iOS_SwiftUI-daisoworks_iOS_SwiftUIUITests.debug.xcconfig */ = {isa = PBXFileReference; includeInIndex = 1; lastKnownFileType = text.xcconfig; name = "Pods-daisoworks_iOS_SwiftUI-daisoworks_iOS_SwiftUIUITests.debug.xcconfig"; path = "Target Support Files/Pods-daisoworks_iOS_SwiftUI-daisoworks_iOS_SwiftUIUITests/Pods-daisoworks_iOS_SwiftUI-daisoworks_iOS_SwiftUIUITests.debug.xcconfig"; sourceTree = "<group>"; };
/* End PBXFileReference section */

/* Begin PBXFrameworksBuildPhase section */
		4BD6C01B2CB47C27000E8152 /* Frameworks */ = {
			isa = PBXFrameworksBuildPhase;
			buildActionMask = 2147483647;
			files = (
				F2B20ABE7B4B584DA519F819 /* Pods_daisoworks_iOS_SwiftUI.framework in Frameworks */,
			);
			runOnlyForDeploymentPostprocessing = 0;
		};
		4BD6C02B2CB47C29000E8152 /* Frameworks */ = {
			isa = PBXFrameworksBuildPhase;
			buildActionMask = 2147483647;
			files = (
				126A2F2DF65174ED75DC9F02 /* Pods_daisoworks_iOS_SwiftUITests.framework in Frameworks */,
			);
			runOnlyForDeploymentPostprocessing = 0;
		};
		4BD6C0352CB47C29000E8152 /* Frameworks */ = {
			isa = PBXFrameworksBuildPhase;
			buildActionMask = 2147483647;
			files = (
				7AB4740961C3DE8F192BA69C /* Pods_daisoworks_iOS_SwiftUI_daisoworks_iOS_SwiftUIUITests.framework in Frameworks */,
			);
			runOnlyForDeploymentPostprocessing = 0;
		};
/* End PBXFrameworksBuildPhase section */

/* Begin PBXGroup section */
		15687CD47C6093240804074A /* Frameworks */ = {
			isa = PBXGroup;
			children = (
				BB7FD297B293191D2F67960D /* Pods_daisoworks_iOS_SwiftUI.framework */,
				757854E72E3CDEE54E30E41C /* Pods_daisoworks_iOS_SwiftUI_daisoworks_iOS_SwiftUIUITests.framework */,
				C098E62D349209629115FECC /* Pods_daisoworks_iOS_SwiftUITests.framework */,
			);
			name = Frameworks;
			sourceTree = "<group>";
		};
		3F3CE5DCE971EAF5EA26BADD /* Pods */ = {
			isa = PBXGroup;
			children = (
				8B5C80AA27F305DC6C501D2F /* Pods-daisoworks_iOS_SwiftUI.debug.xcconfig */,
				3B7711EAF25FC828B69C00D3 /* Pods-daisoworks_iOS_SwiftUI.release.xcconfig */,
				EC61298AC23EE19005031148 /* Pods-daisoworks_iOS_SwiftUI-daisoworks_iOS_SwiftUIUITests.debug.xcconfig */,
				1ED78E98581776B447A911F7 /* Pods-daisoworks_iOS_SwiftUI-daisoworks_iOS_SwiftUIUITests.release.xcconfig */,
				76CDEB7960DD59EEF0699F0E /* Pods-daisoworks_iOS_SwiftUITests.debug.xcconfig */,
				B184CD4A3DA93D59083421B5 /* Pods-daisoworks_iOS_SwiftUITests.release.xcconfig */,
			);
			path = Pods;
			sourceTree = "<group>";
		};
		4BD6C0152CB47C27000E8152 = {
			isa = PBXGroup;
			children = (
				4B076D3F2CFA358600B7DA58 /* .gitignore */,
				4BD6C0502CB47C4C000E8152 /* daisoworks_iOS_SwiftUI */,
				4BD6C0312CB47C29000E8152 /* daisoworks_iOS_SwiftUITests */,
				4BD6C03B2CB47C29000E8152 /* daisoworks_iOS_SwiftUIUITests */,
				4BD6C01F2CB47C27000E8152 /* Products */,
				3F3CE5DCE971EAF5EA26BADD /* Pods */,
				15687CD47C6093240804074A /* Frameworks */,
			);
			sourceTree = "<group>";
		};
		4BD6C01F2CB47C27000E8152 /* Products */ = {
			isa = PBXGroup;
			children = (
				4BD6C01E2CB47C27000E8152 /* daisoworks_iOS_SwiftUI.app */,
				4BD6C02E2CB47C29000E8152 /* daisoworks_iOS_SwiftUITests.xctest */,
				4BD6C0382CB47C29000E8152 /* daisoworks_iOS_SwiftUIUITests.xctest */,
			);
			name = Products;
			sourceTree = "<group>";
		};
		4BD6C0312CB47C29000E8152 /* daisoworks_iOS_SwiftUITests */ = {
			isa = PBXGroup;
			children = (
			);
			path = daisoworks_iOS_SwiftUITests;
			sourceTree = "<group>";
		};
		4BD6C03B2CB47C29000E8152 /* daisoworks_iOS_SwiftUIUITests */ = {
			isa = PBXGroup;
			children = (
			);
			path = daisoworks_iOS_SwiftUIUITests;
			sourceTree = "<group>";
		};
		4BD6C04C2CB47C4C000E8152 /* Preview Content */ = {
			isa = PBXGroup;
			children = (
				4BD6C04B2CB47C4C000E8152 /* Preview Assets.xcassets */,
			);
			path = "Preview Content";
			sourceTree = "<group>";
		};
		4BD6C0502CB47C4C000E8152 /* daisoworks_iOS_SwiftUI */ = {
			isa = PBXGroup;
			children = (
				4BD6C08E2CB607B5000E8152 /* daisoworks-iOS-SwiftUI-Info.plist */,
				4B833CA12CE59D17000267FB /* SettingView.swift */,
				4B90F0DD2CC0AFA1007F3D8A /* Coordinator.swift */,
				4B4EA3BC2CC30585001392E9 /* CardModifier.swift */,
				4B4EA3BA2CC1A96A001392E9 /* second.swift */,
				4B90F0DB2CC0AF2D007F3D8A /* ScannerView.swift */,
				4BB6CBD62CC02A11008569A4 /* SujuView.swift */,
				4BB6CBC72CB98A25008569A4 /* ExpandableView.swift */,
				4BB6CBC52CB983BD008569A4 /* ExpandedView.swift */,
				4BB6CBC32CB98396008569A4 /* ThumbnailView.swift */,
				4BD6C08C2CB49021000E8152 /* first.swift */,
				4BD6C08A2CB48F2F000E8152 /* CompanyView.swift */,
				4BD6C0882CB48F23000E8152 /* ProductView.swift */,
				4BD6C0862CB48F19000E8152 /* DmsView.swift */,
				4B85C65E2CC7433A0045A338 /* DmsDetailView.swift */,
				4BD6C0842CB48F0D000E8152 /* HomeView.swift */,
				4BD6C0822CB48E27000E8152 /* SideMenuView.swift */,
				4BD6C0802CB48E01000E8152 /* SideMenu.swift */,
				4BD6C07E2CB48C0D000E8152 /* MainTabbedView.swift */,
				4BD6C0572CB487A5000E8152 /* LoginView1.swift */,
				4BD6C0552CB47EC8000E8152 /* LoginView.swift */,
				4BD6C04E2CB47C4C000E8152 /* ContentView.swift */,
				4BD6C04F2CB47C4C000E8152 /* daisoworks_iOS_SwiftUIApp.swift */,
				4BD6C04C2CB47C4C000E8152 /* Preview Content */,
				4BD6C04D2CB47C4C000E8152 /* Assets.xcassets */,
			);
			path = daisoworks_iOS_SwiftUI;
			sourceTree = "<group>";
		};
/* End PBXGroup section */

/* Begin PBXNativeTarget section */
		4BD6C01D2CB47C27000E8152 /* daisoworks_iOS_SwiftUI */ = {
			isa = PBXNativeTarget;
			buildConfigurationList = 4BD6C0422CB47C29000E8152 /* Build configuration list for PBXNativeTarget "daisoworks_iOS_SwiftUI" */;
			buildPhases = (
				FFAE83769B30456656FBE01B /* [CP] Check Pods Manifest.lock */,
				4BD6C01A2CB47C27000E8152 /* Sources */,
				4BD6C01B2CB47C27000E8152 /* Frameworks */,
				4BD6C01C2CB47C27000E8152 /* Resources */,
			);
			buildRules = (
			);
			dependencies = (
			);
			name = daisoworks_iOS_SwiftUI;
			productName = daisoworks_iOS_SwiftUI;
			productReference = 4BD6C01E2CB47C27000E8152 /* daisoworks_iOS_SwiftUI.app */;
			productType = "com.apple.product-type.application";
		};
		4BD6C02D2CB47C29000E8152 /* daisoworks_iOS_SwiftUITests */ = {
			isa = PBXNativeTarget;
			buildConfigurationList = 4BD6C0452CB47C29000E8152 /* Build configuration list for PBXNativeTarget "daisoworks_iOS_SwiftUITests" */;
			buildPhases = (
				30A8C96F03C3450F71435EA4 /* [CP] Check Pods Manifest.lock */,
				4BD6C02A2CB47C29000E8152 /* Sources */,
				4BD6C02B2CB47C29000E8152 /* Frameworks */,
				4BD6C02C2CB47C29000E8152 /* Resources */,
			);
			buildRules = (
			);
			dependencies = (
				4BD6C0302CB47C29000E8152 /* PBXTargetDependency */,
			);
			name = daisoworks_iOS_SwiftUITests;
			productName = daisoworks_iOS_SwiftUITests;
			productReference = 4BD6C02E2CB47C29000E8152 /* daisoworks_iOS_SwiftUITests.xctest */;
			productType = "com.apple.product-type.bundle.unit-test";
		};
		4BD6C0372CB47C29000E8152 /* daisoworks_iOS_SwiftUIUITests */ = {
			isa = PBXNativeTarget;
			buildConfigurationList = 4BD6C0482CB47C29000E8152 /* Build configuration list for PBXNativeTarget "daisoworks_iOS_SwiftUIUITests" */;
			buildPhases = (
				41F74B8B630222C19D21D8DB /* [CP] Check Pods Manifest.lock */,
				4BD6C0342CB47C29000E8152 /* Sources */,
				4BD6C0352CB47C29000E8152 /* Frameworks */,
				4BD6C0362CB47C29000E8152 /* Resources */,
			);
			buildRules = (
			);
			dependencies = (
				4BD6C03A2CB47C29000E8152 /* PBXTargetDependency */,
			);
			name = daisoworks_iOS_SwiftUIUITests;
			productName = daisoworks_iOS_SwiftUIUITests;
			productReference = 4BD6C0382CB47C29000E8152 /* daisoworks_iOS_SwiftUIUITests.xctest */;
			productType = "com.apple.product-type.bundle.ui-testing";
		};
/* End PBXNativeTarget section */

/* Begin PBXProject section */
		4BD6C0162CB47C27000E8152 /* Project object */ = {
			isa = PBXProject;
			attributes = {
				BuildIndependentTargetsInParallel = 1;
				LastSwiftUpdateCheck = 1600;
				LastUpgradeCheck = 1600;
				TargetAttributes = {
					4BD6C01D2CB47C27000E8152 = {
						CreatedOnToolsVersion = 16.0;
					};
					4BD6C02D2CB47C29000E8152 = {
						CreatedOnToolsVersion = 16.0;
						TestTargetID = 4BD6C01D2CB47C27000E8152;
					};
					4BD6C0372CB47C29000E8152 = {
						CreatedOnToolsVersion = 16.0;
						TestTargetID = 4BD6C01D2CB47C27000E8152;
					};
				};
			};
			buildConfigurationList = 4BD6C0192CB47C27000E8152 /* Build configuration list for PBXProject "daisoworks_iOS_SwiftUI" */;
			compatibilityVersion = "Xcode 15.3";
			developmentRegion = ko;
			hasScannedForEncodings = 0;
			knownRegions = (
				en,
				Base,
				ko,
			);
			mainGroup = 4BD6C0152CB47C27000E8152;
			minimizedProjectReferenceProxies = 1;
			productRefGroup = 4BD6C01F2CB47C27000E8152 /* Products */;
			projectDirPath = "";
			projectRoot = "";
			targets = (
				4BD6C01D2CB47C27000E8152 /* daisoworks_iOS_SwiftUI */,
				4BD6C02D2CB47C29000E8152 /* daisoworks_iOS_SwiftUITests */,
				4BD6C0372CB47C29000E8152 /* daisoworks_iOS_SwiftUIUITests */,
			);
		};
/* End PBXProject section */

/* Begin PBXResourcesBuildPhase section */
		4BD6C01C2CB47C27000E8152 /* Resources */ = {
			isa = PBXResourcesBuildPhase;
			buildActionMask = 2147483647;
			files = (
				4BD6C0532CB47C4C000E8152 /* Preview Assets.xcassets in Resources */,
				4B076D402CFA358600B7DA58 /* .gitignore in Resources */,
				4BD6C0542CB47C4C000E8152 /* Assets.xcassets in Resources */,
			);
			runOnlyForDeploymentPostprocessing = 0;
		};
		4BD6C02C2CB47C29000E8152 /* Resources */ = {
			isa = PBXResourcesBuildPhase;
			buildActionMask = 2147483647;
			files = (
			);
			runOnlyForDeploymentPostprocessing = 0;
		};
		4BD6C0362CB47C29000E8152 /* Resources */ = {
			isa = PBXResourcesBuildPhase;
			buildActionMask = 2147483647;
			files = (
			);
			runOnlyForDeploymentPostprocessing = 0;
		};
/* End PBXResourcesBuildPhase section */

/* Begin PBXShellScriptBuildPhase section */
		30A8C96F03C3450F71435EA4 /* [CP] Check Pods Manifest.lock */ = {
			isa = PBXShellScriptBuildPhase;
			buildActionMask = 2147483647;
			files = (
			);
			inputFileListPaths = (
			);
			inputPaths = (
				"${PODS_PODFILE_DIR_PATH}/Podfile.lock",
				"${PODS_ROOT}/Manifest.lock",
			);
			name = "[CP] Check Pods Manifest.lock";
			outputFileListPaths = (
			);
			outputPaths = (
				"$(DERIVED_FILE_DIR)/Pods-daisoworks_iOS_SwiftUITests-checkManifestLockResult.txt",
			);
			runOnlyForDeploymentPostprocessing = 0;
			shellPath = /bin/sh;
			shellScript = "diff \"${PODS_PODFILE_DIR_PATH}/Podfile.lock\" \"${PODS_ROOT}/Manifest.lock\" > /dev/null\nif [ $? != 0 ] ; then\n    # print error to STDERR\n    echo \"error: The sandbox is not in sync with the Podfile.lock. Run 'pod install' or update your CocoaPods installation.\" >&2\n    exit 1\nfi\n# This output is used by Xcode 'outputs' to avoid re-running this script phase.\necho \"SUCCESS\" > \"${SCRIPT_OUTPUT_FILE_0}\"\n";
			showEnvVarsInLog = 0;
		};
		41F74B8B630222C19D21D8DB /* [CP] Check Pods Manifest.lock */ = {
			isa = PBXShellScriptBuildPhase;
			buildActionMask = 2147483647;
			files = (
			);
			inputFileListPaths = (
			);
			inputPaths = (
				"${PODS_PODFILE_DIR_PATH}/Podfile.lock",
				"${PODS_ROOT}/Manifest.lock",
			);
			name = "[CP] Check Pods Manifest.lock";
			outputFileListPaths = (
			);
			outputPaths = (
				"$(DERIVED_FILE_DIR)/Pods-daisoworks_iOS_SwiftUI-daisoworks_iOS_SwiftUIUITests-checkManifestLockResult.txt",
			);
			runOnlyForDeploymentPostprocessing = 0;
			shellPath = /bin/sh;
			shellScript = "diff \"${PODS_PODFILE_DIR_PATH}/Podfile.lock\" \"${PODS_ROOT}/Manifest.lock\" > /dev/null\nif [ $? != 0 ] ; then\n    # print error to STDERR\n    echo \"error: The sandbox is not in sync with the Podfile.lock. Run 'pod install' or update your CocoaPods installation.\" >&2\n    exit 1\nfi\n# This output is used by Xcode 'outputs' to avoid re-running this script phase.\necho \"SUCCESS\" > \"${SCRIPT_OUTPUT_FILE_0}\"\n";
			showEnvVarsInLog = 0;
		};
		FFAE83769B30456656FBE01B /* [CP] Check Pods Manifest.lock */ = {
			isa = PBXShellScriptBuildPhase;
			buildActionMask = 2147483647;
			files = (
			);
			inputFileListPaths = (
			);
			inputPaths = (
				"${PODS_PODFILE_DIR_PATH}/Podfile.lock",
				"${PODS_ROOT}/Manifest.lock",
			);
			name = "[CP] Check Pods Manifest.lock";
			outputFileListPaths = (
			);
			outputPaths = (
				"$(DERIVED_FILE_DIR)/Pods-daisoworks_iOS_SwiftUI-checkManifestLockResult.txt",
			);
			runOnlyForDeploymentPostprocessing = 0;
			shellPath = /bin/sh;
			shellScript = "diff \"${PODS_PODFILE_DIR_PATH}/Podfile.lock\" \"${PODS_ROOT}/Manifest.lock\" > /dev/null\nif [ $? != 0 ] ; then\n    # print error to STDERR\n    echo \"error: The sandbox is not in sync with the Podfile.lock. Run 'pod install' or update your CocoaPods installation.\" >&2\n    exit 1\nfi\n# This output is used by Xcode 'outputs' to avoid re-running this script phase.\necho \"SUCCESS\" > \"${SCRIPT_OUTPUT_FILE_0}\"\n";
			showEnvVarsInLog = 0;
		};
/* End PBXShellScriptBuildPhase section */

/* Begin PBXSourcesBuildPhase section */
		4BD6C01A2CB47C27000E8152 /* Sources */ = {
			isa = PBXSourcesBuildPhase;
			buildActionMask = 2147483647;
			files = (
				4BD6C0852CB48F14000E8152 /* HomeView.swift in Sources */,
				4BB6CBD72CC02A15008569A4 /* SujuView.swift in Sources */,
				4BD6C0582CB487AF000E8152 /* LoginView1.swift in Sources */,
				4BD6C08B2CB48F34000E8152 /* CompanyView.swift in Sources */,
				4B833CA22CE59D2B000267FB /* SettingView.swift in Sources */,
				4B4EA3BD2CC30593001392E9 /* CardModifier.swift in Sources */,
				4BD6C0832CB48E2E000E8152 /* SideMenuView.swift in Sources */,
				4BB6CBC42CB9839A008569A4 /* ThumbnailView.swift in Sources */,
				4B4EA3BB2CC1A96D001392E9 /* second.swift in Sources */,
				4B90F0DE2CC0AFA3007F3D8A /* Coordinator.swift in Sources */,
				4BD6C0562CB47ECE000E8152 /* LoginView.swift in Sources */,
				4BD6C0812CB48E07000E8152 /* SideMenu.swift in Sources */,
				4BB6CBC62CB983C0008569A4 /* ExpandedView.swift in Sources */,
				4BD6C0512CB47C4C000E8152 /* ContentView.swift in Sources */,
				4B85C65F2CC743410045A338 /* DmsDetailView.swift in Sources */,
				4BD6C0892CB48F29000E8152 /* ProductView.swift in Sources */,
				4B90F0DC2CC0AF32007F3D8A /* ScannerView.swift in Sources */,
				4BD6C0522CB47C4C000E8152 /* daisoworks_iOS_SwiftUIApp.swift in Sources */,
				4BD6C08D2CB49025000E8152 /* first.swift in Sources */,
				4BD6C07F2CB48C0F000E8152 /* MainTabbedView.swift in Sources */,
				4BB6CBC82CB98A28008569A4 /* ExpandableView.swift in Sources */,
				4BD6C0872CB48F1F000E8152 /* DmsView.swift in Sources */,
			);
			runOnlyForDeploymentPostprocessing = 0;
		};
		4BD6C02A2CB47C29000E8152 /* Sources */ = {
			isa = PBXSourcesBuildPhase;
			buildActionMask = 2147483647;
			files = (
			);
			runOnlyForDeploymentPostprocessing = 0;
		};
		4BD6C0342CB47C29000E8152 /* Sources */ = {
			isa = PBXSourcesBuildPhase;
			buildActionMask = 2147483647;
			files = (
			);
			runOnlyForDeploymentPostprocessing = 0;
		};
/* End PBXSourcesBuildPhase section */

/* Begin PBXTargetDependency section */
		4BD6C0302CB47C29000E8152 /* PBXTargetDependency */ = {
			isa = PBXTargetDependency;
			target = 4BD6C01D2CB47C27000E8152 /* daisoworks_iOS_SwiftUI */;
			targetProxy = 4BD6C02F2CB47C29000E8152 /* PBXContainerItemProxy */;
		};
		4BD6C03A2CB47C29000E8152 /* PBXTargetDependency */ = {
			isa = PBXTargetDependency;
			target = 4BD6C01D2CB47C27000E8152 /* daisoworks_iOS_SwiftUI */;
			targetProxy = 4BD6C0392CB47C29000E8152 /* PBXContainerItemProxy */;
		};
/* End PBXTargetDependency section */

/* Begin XCBuildConfiguration section */
		4BD6C0402CB47C29000E8152 /* Debug */ = {
			isa = XCBuildConfiguration;
			buildSettings = {
				ALWAYS_SEARCH_USER_PATHS = NO;
				ASSETCATALOG_COMPILER_GENERATE_SWIFT_ASSET_SYMBOL_EXTENSIONS = YES;
				CLANG_ANALYZER_LOCALIZABILITY_NONLOCALIZED = YES;
				CLANG_ANALYZER_NONNULL = YES;
				CLANG_ANALYZER_NUMBER_OBJECT_CONVERSION = YES_AGGRESSIVE;
				CLANG_CXX_LANGUAGE_STANDARD = "gnu++20";
				CLANG_ENABLE_MODULES = YES;
				CLANG_ENABLE_OBJC_ARC = YES;
				CLANG_ENABLE_OBJC_WEAK = YES;
				CLANG_WARN_BLOCK_CAPTURE_AUTORELEASING = YES;
				CLANG_WARN_BOOL_CONVERSION = YES;
				CLANG_WARN_COMMA = YES;
				CLANG_WARN_CONSTANT_CONVERSION = YES;
				CLANG_WARN_DEPRECATED_OBJC_IMPLEMENTATIONS = YES;
				CLANG_WARN_DIRECT_OBJC_ISA_USAGE = YES_ERROR;
				CLANG_WARN_DOCUMENTATION_COMMENTS = YES;
				CLANG_WARN_EMPTY_BODY = YES;
				CLANG_WARN_ENUM_CONVERSION = YES;
				CLANG_WARN_INFINITE_RECURSION = YES;
				CLANG_WARN_INT_CONVERSION = YES;
				CLANG_WARN_NON_LITERAL_NULL_CONVERSION = YES;
				CLANG_WARN_OBJC_IMPLICIT_RETAIN_SELF = YES;
				CLANG_WARN_OBJC_LITERAL_CONVERSION = YES;
				CLANG_WARN_OBJC_ROOT_CLASS = YES_ERROR;
				CLANG_WARN_QUOTED_INCLUDE_IN_FRAMEWORK_HEADER = YES;
				CLANG_WARN_RANGE_LOOP_ANALYSIS = YES;
				CLANG_WARN_STRICT_PROTOTYPES = YES;
				CLANG_WARN_SUSPICIOUS_MOVE = YES;
				CLANG_WARN_UNGUARDED_AVAILABILITY = YES_AGGRESSIVE;
				CLANG_WARN_UNREACHABLE_CODE = YES;
				CLANG_WARN__DUPLICATE_METHOD_MATCH = YES;
				CODE_SIGN_IDENTITY = "Apple Development";
				COPY_PHASE_STRIP = NO;
				CURRENT_PROJECT_VERSION = 1.2;
				DEBUG_INFORMATION_FORMAT = dwarf;
				ENABLE_STRICT_OBJC_MSGSEND = YES;
				ENABLE_TESTABILITY = YES;
				ENABLE_USER_SCRIPT_SANDBOXING = YES;
				GCC_C_LANGUAGE_STANDARD = gnu17;
				GCC_DYNAMIC_NO_PIC = NO;
				GCC_NO_COMMON_BLOCKS = YES;
				GCC_OPTIMIZATION_LEVEL = 0;
				GCC_PREPROCESSOR_DEFINITIONS = (
					"DEBUG=1",
					"$(inherited)",
				);
				GCC_WARN_64_TO_32_BIT_CONVERSION = YES;
				GCC_WARN_ABOUT_RETURN_TYPE = YES_ERROR;
				GCC_WARN_UNDECLARED_SELECTOR = YES;
				GCC_WARN_UNINITIALIZED_AUTOS = YES_AGGRESSIVE;
				GCC_WARN_UNUSED_FUNCTION = YES;
				GCC_WARN_UNUSED_VARIABLE = YES;
				INFOPLIST_KEY_NSFaceIDUsageDescription = "Use Facd ID instead of a password to access your account";
				IPHONEOS_DEPLOYMENT_TARGET = 16.6;
				LOCALIZATION_PREFERS_STRING_CATALOGS = YES;
				MTL_ENABLE_DEBUG_INFO = INCLUDE_SOURCE;
				MTL_FAST_MATH = YES;
				ONLY_ACTIVE_ARCH = YES;
				PRODUCT_NAME = Daisoworks;
				SDKROOT = iphoneos;
				SWIFT_ACTIVE_COMPILATION_CONDITIONS = "DEBUG $(inherited)";
				SWIFT_OPTIMIZATION_LEVEL = "-Onone";
			};
			name = Debug;
		};
		4BD6C0412CB47C29000E8152 /* Release */ = {
			isa = XCBuildConfiguration;
			buildSettings = {
				ALWAYS_SEARCH_USER_PATHS = NO;
				ASSETCATALOG_COMPILER_GENERATE_SWIFT_ASSET_SYMBOL_EXTENSIONS = YES;
				CLANG_ANALYZER_LOCALIZABILITY_NONLOCALIZED = YES;
				CLANG_ANALYZER_NONNULL = YES;
				CLANG_ANALYZER_NUMBER_OBJECT_CONVERSION = YES_AGGRESSIVE;
				CLANG_CXX_LANGUAGE_STANDARD = "gnu++20";
				CLANG_ENABLE_MODULES = YES;
				CLANG_ENABLE_OBJC_ARC = YES;
				CLANG_ENABLE_OBJC_WEAK = YES;
				CLANG_WARN_BLOCK_CAPTURE_AUTORELEASING = YES;
				CLANG_WARN_BOOL_CONVERSION = YES;
				CLANG_WARN_COMMA = YES;
				CLANG_WARN_CONSTANT_CONVERSION = YES;
				CLANG_WARN_DEPRECATED_OBJC_IMPLEMENTATIONS = YES;
				CLANG_WARN_DIRECT_OBJC_ISA_USAGE = YES_ERROR;
				CLANG_WARN_DOCUMENTATION_COMMENTS = YES;
				CLANG_WARN_EMPTY_BODY = YES;
				CLANG_WARN_ENUM_CONVERSION = YES;
				CLANG_WARN_INFINITE_RECURSION = YES;
				CLANG_WARN_INT_CONVERSION = YES;
				CLANG_WARN_NON_LITERAL_NULL_CONVERSION = YES;
				CLANG_WARN_OBJC_IMPLICIT_RETAIN_SELF = YES;
				CLANG_WARN_OBJC_LITERAL_CONVERSION = YES;
				CLANG_WARN_OBJC_ROOT_CLASS = YES_ERROR;
				CLANG_WARN_QUOTED_INCLUDE_IN_FRAMEWORK_HEADER = YES;
				CLANG_WARN_RANGE_LOOP_ANALYSIS = YES;
				CLANG_WARN_STRICT_PROTOTYPES = YES;
				CLANG_WARN_SUSPICIOUS_MOVE = YES;
				CLANG_WARN_UNGUARDED_AVAILABILITY = YES_AGGRESSIVE;
				CLANG_WARN_UNREACHABLE_CODE = YES;
				CLANG_WARN__DUPLICATE_METHOD_MATCH = YES;
				CODE_SIGN_IDENTITY = "Apple Development";
				COPY_PHASE_STRIP = NO;
				CURRENT_PROJECT_VERSION = 1.2;
				DEBUG_INFORMATION_FORMAT = "dwarf-with-dsym";
				ENABLE_NS_ASSERTIONS = NO;
				ENABLE_STRICT_OBJC_MSGSEND = YES;
				ENABLE_USER_SCRIPT_SANDBOXING = YES;
				GCC_C_LANGUAGE_STANDARD = gnu17;
				GCC_NO_COMMON_BLOCKS = YES;
				GCC_WARN_64_TO_32_BIT_CONVERSION = YES;
				GCC_WARN_ABOUT_RETURN_TYPE = YES_ERROR;
				GCC_WARN_UNDECLARED_SELECTOR = YES;
				GCC_WARN_UNINITIALIZED_AUTOS = YES_AGGRESSIVE;
				GCC_WARN_UNUSED_FUNCTION = YES;
				GCC_WARN_UNUSED_VARIABLE = YES;
				INFOPLIST_KEY_NSFaceIDUsageDescription = "Use Facd ID instead of a password to access your account";
				IPHONEOS_DEPLOYMENT_TARGET = 16.6;
				LOCALIZATION_PREFERS_STRING_CATALOGS = YES;
				MTL_ENABLE_DEBUG_INFO = NO;
				MTL_FAST_MATH = YES;
				PRODUCT_NAME = Daisoworks;
				SDKROOT = iphoneos;
				SWIFT_COMPILATION_MODE = wholemodule;
				VALIDATE_PRODUCT = YES;
			};
			name = Release;
		};
		4BD6C0432CB47C29000E8152 /* Debug */ = {
			isa = XCBuildConfiguration;
			baseConfigurationReference = EC61298AC23EE19005031148 /* Pods-daisoworks_iOS_SwiftUI-daisoworks_iOS_SwiftUIUITests.debug.xcconfig */;
			buildSettings = {
				ASSETCATALOG_COMPILER_APPICON_NAME = AppIcon;
				ASSETCATALOG_COMPILER_GLOBAL_ACCENT_COLOR_NAME = AccentColor;
				CODE_SIGN_IDENTITY = "Apple Development";
				CODE_SIGN_STYLE = Automatic;
				CURRENT_PROJECT_VERSION = 1.2;
				DEVELOPMENT_ASSET_PATHS = "\"daisoworks_iOS_SwiftUI/Preview Content\"";
				DEVELOPMENT_TEAM = ECNA8MFJJ8;
				ENABLE_PREVIEWS = YES;
				GENERATE_INFOPLIST_FILE = YES;
				INFOPLIST_FILE = "daisoworks-iOS-SwiftUI-Info.plist";
				INFOPLIST_KEY_CFBundleDisplayName = Daisowokrs;
				INFOPLIST_KEY_LSApplicationCategoryType = "";
				INFOPLIST_KEY_NSCameraUsageDescription = "We need access to the camera in order to scan barcodes for daisoworks";
				INFOPLIST_KEY_NSFaceIDUsageDescription = "Use Facd ID instead of a password to access your account";
				INFOPLIST_KEY_UIApplicationSceneManifest_Generation = YES;
				INFOPLIST_KEY_UIApplicationSupportsIndirectInputEvents = YES;
				INFOPLIST_KEY_UILaunchScreen_Generation = YES;
				INFOPLIST_KEY_UISupportedInterfaceOrientations_iPad = "UIInterfaceOrientationPortrait UIInterfaceOrientationPortraitUpsideDown UIInterfaceOrientationLandscapeLeft UIInterfaceOrientationLandscapeRight";
				INFOPLIST_KEY_UISupportedInterfaceOrientations_iPhone = "UIInterfaceOrientationPortrait UIInterfaceOrientationLandscapeLeft UIInterfaceOrientationLandscapeRight";
				INFOPLIST_KEY_UIUserInterfaceStyle = Light;
				IPHONEOS_DEPLOYMENT_TARGET = 16.6;
				LD_RUNPATH_SEARCH_PATHS = (
					"$(inherited)",
					"@executable_path/Frameworks",
				);
				MARKETING_VERSION = 1.2;
				PRODUCT_BUNDLE_IDENTIFIER = kr.co.daiso.daisoworks1;
				PRODUCT_NAME = "$(TARGET_NAME)";
				PROVISIONING_PROFILE_SPECIFIER = "";
				SWIFT_EMIT_LOC_STRINGS = YES;
				SWIFT_VERSION = 5.0;
				TARGETED_DEVICE_FAMILY = "1,2";
			};
			name = Debug;
		};
		4BD6C0442CB47C29000E8152 /* Release */ = {
			isa = XCBuildConfiguration;
			baseConfigurationReference = 1ED78E98581776B447A911F7 /* Pods-daisoworks_iOS_SwiftUI-daisoworks_iOS_SwiftUIUITests.release.xcconfig */;
			buildSettings = {
				ASSETCATALOG_COMPILER_APPICON_NAME = AppIcon;
				ASSETCATALOG_COMPILER_GLOBAL_ACCENT_COLOR_NAME = AccentColor;
				CODE_SIGN_IDENTITY = "Apple Development";
				CODE_SIGN_STYLE = Automatic;
				CURRENT_PROJECT_VERSION = 1.2;
				DEVELOPMENT_ASSET_PATHS = "\"daisoworks_iOS_SwiftUI/Preview Content\"";
				DEVELOPMENT_TEAM = ECNA8MFJJ8;
				ENABLE_PREVIEWS = YES;
				GENERATE_INFOPLIST_FILE = YES;
				INFOPLIST_FILE = "daisoworks-iOS-SwiftUI-Info.plist";
				INFOPLIST_KEY_CFBundleDisplayName = Daisowokrs;
				INFOPLIST_KEY_LSApplicationCategoryType = "";
				INFOPLIST_KEY_NSCameraUsageDescription = "We need access to the camera in order to scan barcodes for daisoworks";
				INFOPLIST_KEY_NSFaceIDUsageDescription = "Use Facd ID instead of a password to access your account";
				INFOPLIST_KEY_UIApplicationSceneManifest_Generation = YES;
				INFOPLIST_KEY_UIApplicationSupportsIndirectInputEvents = YES;
				INFOPLIST_KEY_UILaunchScreen_Generation = YES;
				INFOPLIST_KEY_UISupportedInterfaceOrientations_iPad = "UIInterfaceOrientationPortrait UIInterfaceOrientationPortraitUpsideDown UIInterfaceOrientationLandscapeLeft UIInterfaceOrientationLandscapeRight";
				INFOPLIST_KEY_UISupportedInterfaceOrientations_iPhone = "UIInterfaceOrientationPortrait UIInterfaceOrientationLandscapeLeft UIInterfaceOrientationLandscapeRight";
				INFOPLIST_KEY_UIUserInterfaceStyle = Light;
				IPHONEOS_DEPLOYMENT_TARGET = 16.6;
				LD_RUNPATH_SEARCH_PATHS = (
					"$(inherited)",
					"@executable_path/Frameworks",
				);
				MARKETING_VERSION = 1.2;
				PRODUCT_BUNDLE_IDENTIFIER = kr.co.daiso.daisoworks1;
				PRODUCT_NAME = "$(TARGET_NAME)";
				PROVISIONING_PROFILE_SPECIFIER = "";
				SWIFT_EMIT_LOC_STRINGS = YES;
				SWIFT_VERSION = 5.0;
				TARGETED_DEVICE_FAMILY = "1,2";
			};
			name = Release;
		};
		4BD6C0462CB47C29000E8152 /* Debug */ = {
			isa = XCBuildConfiguration;
			baseConfigurationReference = EC61298AC23EE19005031148 /* Pods-daisoworks_iOS_SwiftUI-daisoworks_iOS_SwiftUIUITests.debug.xcconfig */;
			buildSettings = {
				BUNDLE_LOADER = "$(TEST_HOST)";
				CODE_SIGN_STYLE = Automatic;
				CURRENT_PROJECT_VERSION = 1.0;
				DEVELOPMENT_TEAM = JX3LM42634;
				GENERATE_INFOPLIST_FILE = YES;
				INFOPLIST_KEY_NSFaceIDUsageDescription = "Use Facd ID instead of a password to access your account";
				IPHONEOS_DEPLOYMENT_TARGET = 17.6;
				MARKETING_VERSION = "";
				PRODUCT_BUNDLE_IDENTIFIER = "kr.co.daiso.daisoworks-iOS-SwiftUITests";
				PRODUCT_NAME = "$(TARGET_NAME)";
				SWIFT_EMIT_LOC_STRINGS = NO;
				SWIFT_VERSION = 5.0;
				TARGETED_DEVICE_FAMILY = "1,2";
				TEST_HOST = "$(BUILT_PRODUCTS_DIR)/daisoworks_iOS_SwiftUI.app/$(BUNDLE_EXECUTABLE_FOLDER_PATH)/daisoworks_iOS_SwiftUI";
			};
			name = Debug;
		};
		4BD6C0472CB47C29000E8152 /* Release */ = {
			isa = XCBuildConfiguration;
			baseConfigurationReference = 1ED78E98581776B447A911F7 /* Pods-daisoworks_iOS_SwiftUI-daisoworks_iOS_SwiftUIUITests.release.xcconfig */;
			buildSettings = {
				BUNDLE_LOADER = "$(TEST_HOST)";
				CODE_SIGN_STYLE = Automatic;
				CURRENT_PROJECT_VERSION = 1.0;
				DEVELOPMENT_TEAM = JX3LM42634;
				GENERATE_INFOPLIST_FILE = YES;
				INFOPLIST_KEY_NSFaceIDUsageDescription = "Use Facd ID instead of a password to access your account";
				IPHONEOS_DEPLOYMENT_TARGET = 17.6;
				MARKETING_VERSION = "";
				PRODUCT_BUNDLE_IDENTIFIER = "kr.co.daiso.daisoworks-iOS-SwiftUITests";
				PRODUCT_NAME = "$(TARGET_NAME)";
				SWIFT_EMIT_LOC_STRINGS = NO;
				SWIFT_VERSION = 5.0;
				TARGETED_DEVICE_FAMILY = "1,2";
				TEST_HOST = "$(BUILT_PRODUCTS_DIR)/daisoworks_iOS_SwiftUI.app/$(BUNDLE_EXECUTABLE_FOLDER_PATH)/daisoworks_iOS_SwiftUI";
			};
			name = Release;
		};
		4BD6C0492CB47C29000E8152 /* Debug */ = {
			isa = XCBuildConfiguration;
			baseConfigurationReference = EC61298AC23EE19005031148 /* Pods-daisoworks_iOS_SwiftUI-daisoworks_iOS_SwiftUIUITests.debug.xcconfig */;
			buildSettings = {
				CODE_SIGN_STYLE = Automatic;
				CURRENT_PROJECT_VERSION = 1.0;
				DEVELOPMENT_TEAM = JX3LM42634;
				GENERATE_INFOPLIST_FILE = YES;
				INFOPLIST_KEY_NSFaceIDUsageDescription = "Use Facd ID instead of a password to access your account";
				IPHONEOS_DEPLOYMENT_TARGET = 17.6;
				PRODUCT_BUNDLE_IDENTIFIER = "kr.co.daiso.daisoworks-iOS-SwiftUIUITests";
				PRODUCT_NAME = "$(TARGET_NAME)";
				SWIFT_EMIT_LOC_STRINGS = NO;
				SWIFT_VERSION = 5.0;
				TARGETED_DEVICE_FAMILY = "1,2";
				TEST_TARGET_NAME = daisoworks_iOS_SwiftUI;
			};
			name = Debug;
		};
		4BD6C04A2CB47C29000E8152 /* Release */ = {
			isa = XCBuildConfiguration;
			baseConfigurationReference = 1ED78E98581776B447A911F7 /* Pods-daisoworks_iOS_SwiftUI-daisoworks_iOS_SwiftUIUITests.release.xcconfig */;
			buildSettings = {
				CODE_SIGN_STYLE = Automatic;
				CURRENT_PROJECT_VERSION = 1.0;
				DEVELOPMENT_TEAM = JX3LM42634;
				GENERATE_INFOPLIST_FILE = YES;
				INFOPLIST_KEY_NSFaceIDUsageDescription = "Use Facd ID instead of a password to access your account";
				IPHONEOS_DEPLOYMENT_TARGET = 17.6;
				PRODUCT_BUNDLE_IDENTIFIER = "kr.co.daiso.daisoworks-iOS-SwiftUIUITests";
				PRODUCT_NAME = "$(TARGET_NAME)";
				SWIFT_EMIT_LOC_STRINGS = NO;
				SWIFT_VERSION = 5.0;
				TARGETED_DEVICE_FAMILY = "1,2";
				TEST_TARGET_NAME = daisoworks_iOS_SwiftUI;
			};
			name = Release;
		};
/* End XCBuildConfiguration section */

/* Begin XCConfigurationList section */
		4BD6C0192CB47C27000E8152 /* Build configuration list for PBXProject "daisoworks_iOS_SwiftUI" */ = {
			isa = XCConfigurationList;
			buildConfigurations = (
				4BD6C0402CB47C29000E8152 /* Debug */,
				4BD6C0412CB47C29000E8152 /* Release */,
			);
			defaultConfigurationIsVisible = 0;
			defaultConfigurationName = Release;
		};
		4BD6C0422CB47C29000E8152 /* Build configuration list for PBXNativeTarget "daisoworks_iOS_SwiftUI" */ = {
			isa = XCConfigurationList;
			buildConfigurations = (
				4BD6C0432CB47C29000E8152 /* Debug */,
				4BD6C0442CB47C29000E8152 /* Release */,
			);
			defaultConfigurationIsVisible = 0;
			defaultConfigurationName = Release;
		};
		4BD6C0452CB47C29000E8152 /* Build configuration list for PBXNativeTarget "daisoworks_iOS_SwiftUITests" */ = {
			isa = XCConfigurationList;
			buildConfigurations = (
				4BD6C0462CB47C29000E8152 /* Debug */,
				4BD6C0472CB47C29000E8152 /* Release */,
			);
			defaultConfigurationIsVisible = 0;
			defaultConfigurationName = Release;
		};
		4BD6C0482CB47C29000E8152 /* Build configuration list for PBXNativeTarget "daisoworks_iOS_SwiftUIUITests" */ = {
			isa = XCConfigurationList;
			buildConfigurations = (
				4BD6C0492CB47C29000E8152 /* Debug */,
				4BD6C04A2CB47C29000E8152 /* Release */,
			);
			defaultConfigurationIsVisible = 0;
			defaultConfigurationName = Release;
		};
/* End XCConfigurationList section */
	};
	rootObject = 4BD6C0162CB47C27000E8152 /* Project object */;
}
